
Microsoft Visual Studio Solution File, Format Version 12.00
Project("{FAE04EC0-301F-11D3-BF4B-00C04F79EFBC}") = "Booker", "Booker\Booker.csproj", "{026E6289-7CD9-474F-AF4B-1B5EF3EDED23}"
EndProject
Global
	GlobalSection(SolutionConfigurationPlatforms) = preSolution
		Debug|Any CPU = Debug|Any CPU
		Release|Any CPU = Release|Any CPU
	EndGlobalSection
	GlobalSection(ProjectConfigurationPlatforms) = postSolution
		{026E6289-7CD9-474F-AF4B-1B5EF3EDED23}.Debug|Any CPU.ActiveCfg = Debug|Any CPU
		{026E6289-7CD9-474F-AF4B-1B5EF3EDED23}.Debug|Any CPU.Build.0 = Debug|Any CPU
		{026E6289-7CD9-474F-AF4B-1B5EF3EDED23}.Release|Any CPU.ActiveCfg = Release|Any CPU
		{026E6289-7CD9-474F-AF4B-1B5EF3EDED23}.Release|Any CPU.Build.0 = Release|Any CPU
	EndGlobalSection
EndGlobal
